
Microsoft Visual Studio Solution File, Format Version 12.00
# Visual Studio Version 16
VisualStudioVersion = 16.0.30907.101
MinimumVisualStudioVersion = 10.0.40219.1
Project("{FAE04EC0-301F-11D3-BF4B-00C04F79EFBC}") = "SpaceRocks", "SpaceRocks\SpaceRocks.csproj", "{47B829DC-8CFC-4AF7-9578-61CB367E48B4}"
EndProject
Global
	GlobalSection(SolutionConfigurationPlatforms) = preSolution
		Debug|Any CPU = Debug|Any CPU
		Release|Any CPU = Release|Any CPU
	EndGlobalSection
	GlobalSection(ProjectConfigurationPlatforms) = postSolution
		{47B829DC-8CFC-4AF7-9578-61CB367E48B4}.Debug|Any CPU.ActiveCfg = Debug|Any CPU
		{47B829DC-8CFC-4AF7-9578-61CB367E48B4}.Debug|Any CPU.Build.0 = Debug|Any CPU
		{47B829DC-8CFC-4AF7-9578-61CB367E48B4}.Release|Any CPU.ActiveCfg = Release|Any CPU
		{47B829DC-8CFC-4AF7-9578-61CB367E48B4}.Release|Any CPU.Build.0 = Release|Any CPU
	EndGlobalSection
	GlobalSection(SolutionProperties) = preSolution
		HideSolutionNode = FALSE
	EndGlobalSection
	GlobalSection(ExtensibilityGlobals) = postSolution
		SolutionGuid = {48DEE14B-CF36-4E54-97AB-761122A75BF5}
	EndGlobalSection
EndGlobal
